{
  "version": 4,
  "terraform_version": "1.8.5",
  "serial": 4,
  "lineage": "5699419a-3c45-3f64-d409-28897c44aebe",
  "outputs": {},
  "resources": [
    {
      "mode": "managed",
      "type": "google_sql_database",
      "name": "database",
      "provider": "provider[\"registry.terraform.io/hashicorp/google\"]",
      "instances": [
        {
          "schema_version": 0,
          "attributes": {
            "charset": "UTF8",
            "collation": "en_US.UTF8",
            "deletion_policy": "DELETE",
            "id": "projects/capable-mind-428017-c2/instances/postgres-database-instance/databases/postgres-database",
            "instance": "postgres-database-instance",
            "name": "postgres-database",
            "project": "capable-mind-428017-c2",
            "self_link": "https://sqladmin.googleapis.com/sql/v1beta4/projects/capable-mind-428017-c2/instances/postgres-database-instance/databases/postgres-database",
            "timeouts": null
          },
          "sensitive_attributes": [],
          "private": "eyJlMmJmYjczMC1lY2FhLTExZTYtOGY4OC0zNDM2M2JjN2M0YzAiOnsiY3JlYXRlIjoxMjAwMDAwMDAwMDAwLCJkZWxldGUiOjEyMDAwMDAwMDAwMDAsInVwZGF0ZSI6MTIwMDAwMDAwMDAwMH19",
          "dependencies": [
            "google_sql_database_instance.postgres-database-instance"
          ]
        }
      ]
    },
    {
      "mode": "managed",
      "type": "google_sql_database_instance",
      "name": "postgres-database-instance",
      "provider": "provider[\"registry.terraform.io/hashicorp/google\"]",
      "instances": [
        {
          "schema_version": 0,
          "attributes": {
            "available_maintenance_versions": [],
            "clone": [],
            "connection_name": "capable-mind-428017-c2:asia-south1:postgres-database-instance",
            "database_version": "POSTGRES_15",
            "deletion_protection": false,
            "dns_name": "",
            "encryption_key_name": null,
            "first_ip_address": "35.244.62.43",
            "id": "postgres-database-instance",
            "instance_type": "CLOUD_SQL_INSTANCE",
            "ip_address": [
              {
                "ip_address": "35.244.62.43",
                "time_to_retire": "",
                "type": "PRIMARY"
              },
              {
                "ip_address": "34.100.226.155",
                "time_to_retire": "",
                "type": "OUTGOING"
              }
            ],
            "maintenance_version": "POSTGRES_15_7.R20240514.00_06",
            "master_instance_name": "",
            "name": "postgres-database-instance",
            "private_ip_address": "",
            "project": "capable-mind-428017-c2",
            "psc_service_attachment_link": "",
            "public_ip_address": "35.244.62.43",
            "region": "asia-south1",
            "replica_configuration": [],
            "restore_backup_context": [],
            "root_password": null,
            "self_link": "https://sqladmin.googleapis.com/sql/v1beta4/projects/capable-mind-428017-c2/instances/postgres-database-instance",
            "server_ca_cert": [
              {
                "cert": "-----BEGIN CERTIFICATE-----\nMIIDfzCCAmegAwIBAgIBADANBgkqhkiG9w0BAQsFADB3MS0wKwYDVQQuEyRlOTJi\nYjE0NC0zZmE2LTRjMzMtOTg5Zi0zYmRjYzcxNjE5MDUxIzAhBgNVBAMTGkdvb2ds\nZSBDbG91ZCBTUUwgU2VydmVyIENBMRQwEgYDVQQKEwtHb29nbGUsIEluYzELMAkG\nA1UEBhMCVVMwHhcNMjQwNzExMTMwNjM1WhcNMzQwNzA5MTMwNzM1WjB3MS0wKwYD\nVQQuEyRlOTJiYjE0NC0zZmE2LTRjMzMtOTg5Zi0zYmRjYzcxNjE5MDUxIzAhBgNV\nBAMTGkdvb2dsZSBDbG91ZCBTUUwgU2VydmVyIENBMRQwEgYDVQQKEwtHb29nbGUs\nIEluYzELMAkGA1UEBhMCVVMwggEiMA0GCSqGSIb3DQEBAQUAA4IBDwAwggEKAoIB\nAQDSUMNZVm7wrw8WqZbhq4JYyTEpF6xY6FgsLDOSp6IT6oN3XdA+fV/cvxU19H5P\nMkJfn/mDDkZ6WWfnRKoTa8hwynl8vicCorqpmbCzoU6sUDNtOgSZAGKre1rP57I4\njI9t6Dl3hfoq377BPykBT0NdytIFvJ9Ke5rXQZktcLS+Li1Y8wzNVsmiCn7ueviw\nQIPVJKhZ0KpTeKDYXhMTAOgtJMHt5Fj9oDZg/GW0ThfSu1hicd3RxzVbSKfEQZ39\nHM8IH791aTxoAfHyuHb5A05+ePV7rFVM0Zw9N++C217iIgAGRS4zaOecaT9psS4f\niHhd83TSNXnxGNkeu2Fr1T5HAgMBAAGjFjAUMBIGA1UdEwEB/wQIMAYBAf8CAQAw\nDQYJKoZIhvcNAQELBQADggEBAD0yBIAclYN18fzNFlyNJaBxcQpwU6mGMHytDVak\nUIs/xhkRXgDgz3PCVBNUT/4MSRm+do/n9PyyY1lfm4fozvs+rxaFlb1CUJKtzR8N\n/V8/hlJk2D8VoWUEW3glHKDhJII6NkLj2rKbCrBr+NjsIsXjieWPNtj3wxZiAQlq\noha1zxC4k66boheTwDxHWrGYOuaHTkGIcTyhfvdbNWec7TpaVZbTMD1PX8eO2pvu\nH60NawKyUpyimKCGg8FvOSMoiYKclg+zdlRle6Ni/myJRpvqJa/xjDsuD9RvZEBB\ntcMlJGLbdToGuAHPMYY4hH8GT6f2h1qN5t3UsuWVZRKb+TE=\n-----END CERTIFICATE-----",
                "common_name": "C=US,O=Google\\, Inc,CN=Google Cloud SQL Server CA,dnQualifier=e92bb144-3fa6-4c33-989f-3bdcc7161905",
                "create_time": "2024-07-11T13:06:35.079Z",
                "expiration_time": "2034-07-09T13:07:35.079Z",
                "sha1_fingerprint": "f99829b0e4c49b9365ce4e4dabf757ec0abae320"
              }
            ],
            "service_account_email_address": "p929430503076-tmtcnq@gcp-sa-cloud-sql.iam.gserviceaccount.com",
            "settings": [
              {
                "activation_policy": "ALWAYS",
                "active_directory_config": [],
                "advanced_machine_features": [],
                "availability_type": "ZONAL",
                "backup_configuration": [
                  {
                    "backup_retention_settings": [
                      {
                        "retained_backups": 7,
                        "retention_unit": "COUNT"
                      }
                    ],
                    "binary_log_enabled": false,
                    "enabled": false,
                    "location": "",
                    "point_in_time_recovery_enabled": false,
                    "start_time": "16:00",
                    "transaction_log_retention_days": 7
                  }
                ],
                "collation": "",
                "connector_enforcement": "NOT_REQUIRED",
                "data_cache_config": [],
                "database_flags": [],
                "deletion_protection_enabled": false,
                "deny_maintenance_period": [],
                "disk_autoresize": true,
                "disk_autoresize_limit": 0,
                "disk_size": 10,
                "disk_type": "PD_SSD",
                "edition": "ENTERPRISE",
                "enable_google_ml_integration": false,
                "insights_config": [],
                "ip_configuration": [
                  {
                    "allocated_ip_range": "",
                    "authorized_networks": [],
                    "enable_private_path_for_google_cloud_services": false,
                    "ipv4_enabled": true,
                    "private_network": "",
                    "psc_config": [],
                    "require_ssl": false,
                    "ssl_mode": ""
                  }
                ],
                "location_preference": [
                  {
                    "follow_gae_application": "",
                    "secondary_zone": "",
                    "zone": "asia-south1-a"
                  }
                ],
                "maintenance_window": [],
                "password_validation_policy": [],
                "pricing_plan": "PER_USE",
                "sql_server_audit_config": [],
                "tier": "db-f1-micro",
                "time_zone": "",
                "user_labels": {
                  "environment": "development"
                },
                "version": 1
              }
            ],
            "timeouts": null
          },
          "sensitive_attributes": [
            [
              {
                "type": "get_attr",
                "value": "server_ca_cert"
              }
            ],
            [
              {
                "type": "get_attr",
                "value": "root_password"
              }
            ]
          ],
          "private": "eyJlMmJmYjczMC1lY2FhLTExZTYtOGY4OC0zNDM2M2JjN2M0YzAiOnsiY3JlYXRlIjo1NDAwMDAwMDAwMDAwLCJkZWxldGUiOjU0MDAwMDAwMDAwMDAsInVwZGF0ZSI6NTQwMDAwMDAwMDAwMH19"
        }
      ]
    },
    {
      "mode": "managed",
      "type": "google_sql_user",
      "name": "users",
      "provider": "provider[\"registry.terraform.io/hashicorp/google\"]",
      "instances": [
        {
          "schema_version": 1,
          "attributes": {
            "deletion_policy": null,
            "host": "",
            "id": "mrrobot//postgres-database-instance",
            "instance": "postgres-database-instance",
            "name": "mrrobot",
            "password": "A!m@12ith",
            "password_policy": [],
            "project": "capable-mind-428017-c2",
            "sql_server_user_details": [],
            "timeouts": null,
            "type": ""
          },
          "sensitive_attributes": [
            [
              {
                "type": "get_attr",
                "value": "password"
              }
            ]
          ],
          "private": "eyJlMmJmYjczMC1lY2FhLTExZTYtOGY4OC0zNDM2M2JjN2M0YzAiOnsiY3JlYXRlIjo2MDAwMDAwMDAwMDAsImRlbGV0ZSI6NjAwMDAwMDAwMDAwLCJ1cGRhdGUiOjYwMDAwMDAwMDAwMH0sInNjaGVtYV92ZXJzaW9uIjoiMSJ9",
          "dependencies": [
            "google_sql_database_instance.postgres-database-instance"
          ]
        }
      ]
    }
  ],
  "check_results": null
}
